{
  "name": "mapextension",
  "version": "0.1.18",
  "lockfileVersion": 1,
  "requires": true,
  "dependencies": {
    "ajv": {
      "version": "5.2.0",
      "resolved": "https://registry.npmjs.org/ajv/-/ajv-5.2.0.tgz",
      "integrity": "sha1-wXNQJMXaLvdcwZBxMHPUTwmL9IY=",
      "requires": {
        "co": "4.6.0",
        "fast-deep-equal": "0.1.0",
        "json-schema-traverse": "0.3.1",
        "json-stable-stringify": "1.0.1"
      }
    },
    "async": {
      "version": "2.5.0",
      "resolved": "https://registry.npmjs.org/async/-/async-2.5.0.tgz",
      "integrity": "sha512-e+lJAJeNWuPCNyxZKOBdaJGyLGHugXVQtrAwtuAe2vhxTYxFTKE73p8JuTmdH0qdQZtDvI4dhJwjZc5zsfIsYw==",
      "requires": {
        "lodash": "4.17.4"
      }
    },
    "balanced-match": {
      "version": "1.0.0",
      "resolved": "https://registry.npmjs.org/balanced-match/-/balanced-match-1.0.0.tgz",
      "integrity": "sha1-ibTRmasr7kneFk6gK4nORi1xt2c="
    },
    "brace": {
      "version": "0.10.0",
      "resolved": "https://registry.npmjs.org/brace/-/brace-0.10.0.tgz",
      "integrity": "sha1-7e9OubCSi6HuX3F//BV3SabdXXY=",
      "requires": {
        "w3c-blob": "0.0.1"
      }
    },
    "brace-expansion": {
      "version": "1.1.8",
      "resolved": "https://registry.npmjs.org/brace-expansion/-/brace-expansion-1.1.8.tgz",
      "integrity": "sha1-wHshHHyVLsH479Uad+8NHTmQopI=",
      "requires": {
        "balanced-match": "1.0.0",
        "concat-map": "0.0.1"
      }
    },
    "cli-table": {
      "version": "0.3.1",
      "resolved": "https://registry.npmjs.org/cli-table/-/cli-table-0.3.1.tgz",
      "integrity": "sha1-9TsFJmqLGguTSz0IIebi3FkUriM=",
      "requires": {
        "colors": "1.0.3"
      }
    },
    "co": {
      "version": "4.6.0",
      "resolved": "https://registry.npmjs.org/co/-/co-4.6.0.tgz",
      "integrity": "sha1-bqa989hTrlTMuOR7+gvz+QMfsYQ="
    },
    "colors": {
      "version": "1.0.3",
      "resolved": "https://registry.npmjs.org/colors/-/colors-1.0.3.tgz",
      "integrity": "sha1-BDP0TYCWgP3rYO0mDxsMJi6CpAs="
    },
    "commander": {
      "version": "2.11.0",
      "resolved": "https://registry.npmjs.org/commander/-/commander-2.11.0.tgz",
      "integrity": "sha512-b0553uYA5YAEGgyYIGYROzKQ7X5RAqedkfjiZxwi0kL1g3bOaBNNZfYkzt/CL0umgD5wc9Jec2FbB98CjkMRvQ=="
    },
    "concat-map": {
      "version": "0.0.1",
      "resolved": "https://registry.npmjs.org/concat-map/-/concat-map-0.0.1.tgz",
      "integrity": "sha1-2Klr13/Wjfd5OnMDajug1UBdR3s="
    },
    "dateformat": {
      "version": "2.2.0",
      "resolved": "https://registry.npmjs.org/dateformat/-/dateformat-2.2.0.tgz",
      "integrity": "sha1-QGXiATz5+5Ft39gu+1Bq1MZ2kGI="
    },
    "debug": {
      "version": "3.1.0",
      "resolved": "https://registry.npmjs.org/debug/-/debug-3.1.0.tgz",
      "integrity": "sha512-OX8XqP7/1a9cqkxYw2yXss15f26NKWBpDXQd0/uK/KPqdQhxbPa994hnzjcE2VqQpDslf55723cKPUOGSmMY3g==",
      "requires": {
        "ms": "2.0.0"
      }
    },
    "electron-is-dev": {
      "version": "0.1.2",
      "resolved": "https://registry.npmjs.org/electron-is-dev/-/electron-is-dev-0.1.2.tgz",
      "integrity": "sha1-ihBD4ys6HaHD9VPc4oznZCRhZ+M="
    },
    "electron-json-storage": {
      "version": "3.2.0",
      "resolved": "https://registry.npmjs.org/electron-json-storage/-/electron-json-storage-3.2.0.tgz",
      "integrity": "sha1-x2JD6g1CAUq6jbay2QlYo5PEyfU=",
      "requires": {
        "async": "2.5.0",
        "lodash": "4.17.4",
        "mkdirp": "0.5.1",
        "rimraf": "2.6.2",
        "rwlock": "5.0.0"
      }
    },
    "electrongui": {
      "version": "0.5.6",
      "resolved": "https://registry.npmjs.org/electrongui/-/electrongui-0.5.6.tgz",
      "integrity": "sha512-lJIblk/vAJLcUl93hz6tCEXBJbLZYZ6YC7fbCgX0yfrnSuNy3Q7zQsku/AG2cIciKPIkq4iBedjAn4zeS9D1TA==",
      "requires": {
        "dateformat": "2.2.0",
        "electron-json-storage": "3.2.0",
        "json2csv": "3.11.5"
      }
    },
    "fast-deep-equal": {
      "version": "0.1.0",
      "resolved": "https://registry.npmjs.org/fast-deep-equal/-/fast-deep-equal-0.1.0.tgz",
      "integrity": "sha1-XG9FmaumszPuM0Li7ZeGcvEAH40="
    },
    "flat": {
      "version": "4.0.0",
      "resolved": "https://registry.npmjs.org/flat/-/flat-4.0.0.tgz",
      "integrity": "sha512-ji/WMv2jdsE+LaznpkIF9Haax0sdpTBozrz/Dtg4qSRMfbs8oVg4ypJunIRYPiMLvH/ed6OflXbnbTIKJhtgeg==",
      "requires": {
        "is-buffer": "1.1.6"
      }
    },
    "fs.realpath": {
      "version": "1.0.0",
      "resolved": "https://registry.npmjs.org/fs.realpath/-/fs.realpath-1.0.0.tgz",
      "integrity": "sha1-FQStJSMVjKpA20onh8sBQRmU6k8="
    },
    "glob": {
      "version": "7.1.2",
      "resolved": "https://registry.npmjs.org/glob/-/glob-7.1.2.tgz",
      "integrity": "sha512-MJTUg1kjuLeQCJ+ccE4Vpa6kKVXkPYJ2mOCQyUuKLcLQsdrMCpBPUi8qVE6+YuaJkozeA9NusTAw3hLr8Xe5EQ==",
      "requires": {
        "fs.realpath": "1.0.0",
        "inflight": "1.0.6",
        "inherits": "2.0.3",
        "minimatch": "3.0.4",
        "once": "1.4.0",
        "path-is-absolute": "1.0.1"
      }
    },
    "image-size": {
      "version": "0.6.1",
      "resolved": "https://registry.npmjs.org/image-size/-/image-size-0.6.1.tgz",
      "integrity": "sha512-lHMlI2MykfeHAQdtydQh4fTcBQVf4zLTA91w1euBe9rbmAfJ/iyzMh8H3KD9u1RldlHaMS3tmMV5TEe9BkmW9g=="
    },
    "inflight": {
      "version": "1.0.6",
      "resolved": "https://registry.npmjs.org/inflight/-/inflight-1.0.6.tgz",
      "integrity": "sha1-Sb1jMdfQLQwJvJEKEHW6gWW1bfk=",
      "requires": {
        "once": "1.4.0",
        "wrappy": "1.0.2"
      }
    },
    "inherits": {
      "version": "2.0.3",
      "resolved": "https://registry.npmjs.org/inherits/-/inherits-2.0.3.tgz",
      "integrity": "sha1-Yzwsg+PaQqUC9SRmAiSA9CCCYd4="
    },
    "is-buffer": {
      "version": "1.1.6",
      "resolved": "https://registry.npmjs.org/is-buffer/-/is-buffer-1.1.6.tgz",
      "integrity": "sha512-NcdALwpXkTm5Zvvbk7owOUSvVvBKDgKP5/ewfXEznmQFfs4ZRmanOeKBTjRVjka3QFoN6XJ+9F3USqfHqTaU5w=="
    },
    "javascript-natural-sort": {
      "version": "0.7.1",
      "resolved": "https://registry.npmjs.org/javascript-natural-sort/-/javascript-natural-sort-0.7.1.tgz",
      "integrity": "sha1-+eIwPUUH9tdDVac2ZNFED7Wg71k="
    },
    "json-schema-traverse": {
      "version": "0.3.1",
      "resolved": "https://registry.npmjs.org/json-schema-traverse/-/json-schema-traverse-0.3.1.tgz",
      "integrity": "sha1-NJptRMU6Ud6JtAgFxdXlm0F9M0A="
    },
    "json-stable-stringify": {
      "version": "1.0.1",
      "resolved": "https://registry.npmjs.org/json-stable-stringify/-/json-stable-stringify-1.0.1.tgz",
      "integrity": "sha1-mnWdOcXy/1A/1TAGRu1EX4jE+a8=",
      "requires": {
        "jsonify": "0.0.0"
      }
    },
    "json2csv": {
      "version": "3.11.5",
      "resolved": "https://registry.npmjs.org/json2csv/-/json2csv-3.11.5.tgz",
      "integrity": "sha512-ORsw84BuRKMLxfI+HFZuvxRDnsJps53D5fIGr6tLn4ZY+ymcG8XU00E+JJ2wfAiHx5w2QRNmOLE8xHiGAeSfuQ==",
      "requires": {
        "cli-table": "0.3.1",
        "commander": "2.11.0",
        "debug": "3.1.0",
        "flat": "4.0.0",
        "lodash.clonedeep": "4.5.0",
        "lodash.flatten": "4.4.0",
        "lodash.get": "4.4.2",
        "lodash.set": "4.3.2",
        "lodash.uniq": "4.5.0",
        "path-is-absolute": "1.0.1"
      }
    },
    "jsoneditor": {
      "version": "5.9.6",
      "resolved": "https://registry.npmjs.org/jsoneditor/-/jsoneditor-5.9.6.tgz",
      "integrity": "sha512-CV/TmcewPp58GZg36rHtmOZOSZqnQod1DoqvGdQcHeDv6zR8MmQ78KDNdl4JFzj6YJGUAMqNolGexBlZ1Hpgsg==",
      "requires": {
        "ajv": "5.2.0",
        "brace": "0.10.0",
        "javascript-natural-sort": "0.7.1"
      }
    },
    "jsonify": {
      "version": "0.0.0",
      "resolved": "https://registry.npmjs.org/jsonify/-/jsonify-0.0.0.tgz",
      "integrity": "sha1-LHS27kHZPKUbe1qu6PUDYx0lKnM="
    },
    "leaflet": {
      "version": "1.2.0",
      "resolved": "https://registry.npmjs.org/leaflet/-/leaflet-1.2.0.tgz",
      "integrity": "sha512-Bold8phAE6WcRsuwhofrQ7cOK1REFHaYIkKuj7+TBYK3ONKRpGGIb5oXR5akYotFnrWN0TWKh6Svlhflm3dogg=="
    },
    "leaflet-csvtiles": {
      "version": "0.0.2",
      "resolved": "https://registry.npmjs.org/leaflet-csvtiles/-/leaflet-csvtiles-0.0.2.tgz",
      "integrity": "sha512-gZnrjbZp6GijP83ki0tDmuFpy3/mPVXhJ4yi7F+mdfmgEf67fcUSCRixNfwkFbazfuNCcS7f7WOij/3dOQ6b1g==",
      "requires": {
        "papaparse": "4.3.6"
      }
    },
    "leaflet-draw": {
      "version": "0.4.12",
      "resolved": "https://registry.npmjs.org/leaflet-draw/-/leaflet-draw-0.4.12.tgz",
      "integrity": "sha512-vvgJo9jt54ETssDZKni1hue3INU/yf/zJ6ewAshScQRLaLWQ10mWeZVtPkhk8KmxWffeOQk6keN0QoB/0W56hg=="
    },
    "leaflet-geometryutil": {
      "version": "0.8.0",
      "resolved": "https://registry.npmjs.org/leaflet-geometryutil/-/leaflet-geometryutil-0.8.0.tgz",
      "integrity": "sha1-wJwPw3Yo9AKEatVyPIDvlbPSBXw=",
      "requires": {
        "leaflet": "1.2.0"
      }
    },
    "leaflet-map-builder": {
      "version": "0.1.1",
      "resolved": "https://registry.npmjs.org/leaflet-map-builder/-/leaflet-map-builder-0.1.1.tgz",
      "integrity": "sha512-+D+w7f5e/oPoeWj/yUd12SxilOvkEnxSIbKXvh0KiHd1fM47EQ/+OhiJxEandN+m8AiyjtC8lmu/Dq7gqc5Zgg==",
      "requires": {
        "leaflet": "1.0.3"
      },
      "dependencies": {
        "leaflet": {
          "version": "1.0.3",
          "resolved": "https://registry.npmjs.org/leaflet/-/leaflet-1.0.3.tgz",
          "integrity": "sha1-H0AbmLRcgZITTGyNaWhiU4BQB8g="
        }
      }
    },
    "leaflet-multilevel": {
      "version": "0.0.1",
      "resolved": "https://registry.npmjs.org/leaflet-multilevel/-/leaflet-multilevel-0.0.1.tgz",
      "integrity": "sha512-6ixsJKuyup38WY8JPtwuV0drvJTNjjB4ksTxHG1gt3+hpnxhXrzdpd72bzdubeYBAhC6kj7phoVUmfFoTCrBxg=="
    },
    "leaflet-snap": {
      "version": "0.0.4",
      "resolved": "https://registry.npmjs.org/leaflet-snap/-/leaflet-snap-0.0.4.tgz",
      "integrity": "sha1-/d+TjLTqsEoexwn4dZFqSHq/v30=",
      "requires": {
        "leaflet": "0.7.7",
        "leaflet-draw": "0.3.2",
        "leaflet-geometryutil": "0.8.0"
      },
      "dependencies": {
        "leaflet": {
          "version": "0.7.7",
          "resolved": "https://registry.npmjs.org/leaflet/-/leaflet-0.7.7.tgz",
          "integrity": "sha1-HjUrpU5j0HZFH6NjyQCJDLLPde4="
        },
        "leaflet-draw": {
          "version": "0.3.2",
          "resolved": "https://registry.npmjs.org/leaflet-draw/-/leaflet-draw-0.3.2.tgz",
          "integrity": "sha1-cX7o/tTCqWecEhYuH5ItLaUD0Qk=",
          "optional": true
        }
      }
    },
    "leaflet.markercluster": {
      "version": "1.1.0",
      "resolved": "https://registry.npmjs.org/leaflet.markercluster/-/leaflet.markercluster-1.1.0.tgz",
      "integrity": "sha1-VHxIDEZCKjxhmci3V3BfDDr9IJA="
    },
    "lodash": {
      "version": "4.17.4",
      "resolved": "https://registry.npmjs.org/lodash/-/lodash-4.17.4.tgz",
      "integrity": "sha1-eCA6TRwyiuHYbcpkYONptX9AVa4="
    },
    "lodash.clonedeep": {
      "version": "4.5.0",
      "resolved": "https://registry.npmjs.org/lodash.clonedeep/-/lodash.clonedeep-4.5.0.tgz",
      "integrity": "sha1-4j8/nE+Pvd6HJSnBBxhXoIblzO8="
    },
    "lodash.flatten": {
      "version": "4.4.0",
      "resolved": "https://registry.npmjs.org/lodash.flatten/-/lodash.flatten-4.4.0.tgz",
      "integrity": "sha1-8xwiIlqWMtK7+OSt2+8kCqdlph8="
    },
    "lodash.get": {
      "version": "4.4.2",
      "resolved": "https://registry.npmjs.org/lodash.get/-/lodash.get-4.4.2.tgz",
      "integrity": "sha1-LRd/ZS+jHpObRDjVNBSZ36OCXpk="
    },
    "lodash.set": {
      "version": "4.3.2",
      "resolved": "https://registry.npmjs.org/lodash.set/-/lodash.set-4.3.2.tgz",
      "integrity": "sha1-2HV7HagH3eJIFrDWqEvqGnYjCyM="
    },
    "lodash.uniq": {
      "version": "4.5.0",
      "resolved": "https://registry.npmjs.org/lodash.uniq/-/lodash.uniq-4.5.0.tgz",
      "integrity": "sha1-0CJTc662Uq3BvILklFM5qEJ1R3M="
    },
    "minimatch": {
      "version": "3.0.4",
      "resolved": "https://registry.npmjs.org/minimatch/-/minimatch-3.0.4.tgz",
      "integrity": "sha512-yJHVQEhyqPLUTgt9B83PXu6W3rx4MvvHvSUvToogpwoGDOUQ+yDrR0HRot+yOCdCO7u4hX3pWft6kWBBcqh0UA==",
      "requires": {
        "brace-expansion": "1.1.8"
      }
    },
    "minimist": {
      "version": "0.0.8",
      "resolved": "https://registry.npmjs.org/minimist/-/minimist-0.0.8.tgz",
      "integrity": "sha1-hX/Kv8M5fSYluCKCYuhqp6ARsF0="
    },
    "mkdirp": {
      "version": "0.5.1",
      "resolved": "https://registry.npmjs.org/mkdirp/-/mkdirp-0.5.1.tgz",
      "integrity": "sha1-MAV0OOrGz3+MR2fzhkjWaX11yQM=",
      "requires": {
        "minimist": "0.0.8"
      }
    },
    "ms": {
      "version": "2.0.0",
      "resolved": "https://registry.npmjs.org/ms/-/ms-2.0.0.tgz",
      "integrity": "sha1-VgiurfwAvmwpAd9fmGF4jeDVl8g="
    },
    "once": {
      "version": "1.4.0",
      "resolved": "https://registry.npmjs.org/once/-/once-1.4.0.tgz",
      "integrity": "sha1-WDsap3WWHUsROsF9nFC6753Xa9E=",
      "requires": {
        "wrappy": "1.0.2"
      }
    },
    "papaparse": {
      "version": "4.3.6",
      "resolved": "https://registry.npmjs.org/papaparse/-/papaparse-4.3.6.tgz",
      "integrity": "sha1-lWbtoOyrE6/LdApiOBxpn0hssUU="
    },
    "path-is-absolute": {
      "version": "1.0.1",
      "resolved": "https://registry.npmjs.org/path-is-absolute/-/path-is-absolute-1.0.1.tgz",
      "integrity": "sha1-F0uSaHNVNP+8es5r9TpanhtcX18="
    },
    "rimraf": {
      "version": "2.6.2",
      "resolved": "https://registry.npmjs.org/rimraf/-/rimraf-2.6.2.tgz",
      "integrity": "sha512-lreewLK/BlghmxtfH36YYVg1i8IAce4TI7oao75I1g245+6BctqTVQiBP3YUJ9C6DQOXJmkYR9X9fCLtCOJc5w==",
      "requires": {
        "glob": "7.1.2"
      }
    },
    "rwlock": {
      "version": "5.0.0",
      "resolved": "https://registry.npmjs.org/rwlock/-/rwlock-5.0.0.tgz",
      "integrity": "sha1-iI1qd6M1HMGiCSBO8u4XIgk4Ns8="
    },
    "tiff-to-png": {
      "version": "1.0.5",
      "resolved": "https://registry.npmjs.org/tiff-to-png/-/tiff-to-png-1.0.5.tgz",
      "integrity": "sha1-wE4nrR4d35T0X4peYlcTUeGbilE="
    },
    "w3c-blob": {
      "version": "0.0.1",
      "resolved": "https://registry.npmjs.org/w3c-blob/-/w3c-blob-0.0.1.tgz",
      "integrity": "sha1-sM01KhpQ9RVWNCD/1YYflQ8dhbg="
    },
    "wrappy": {
      "version": "1.0.2",
      "resolved": "https://registry.npmjs.org/wrappy/-/wrappy-1.0.2.tgz",
      "integrity": "sha1-tSQ9jz7BqjXxNkYFvA0QNuMKtp8="
    }
  }
}
