{
  "name": "mapextension",
  "version": "0.0.9",
  "lockfileVersion": 1,
  "requires": true,
  "dependencies": {
    "leaflet": {
      "version": "1.1.0",
      "resolved": "https://registry.npmjs.org/leaflet/-/leaflet-1.1.0.tgz",
      "integrity": "sha512-JK2bT5tZnLQlNuLa8pjOvUC/c/t4MfXBPZyrNK3C1BBxfX1rMHxFC2DvVCNd8esRjDtEddnwSTlv54sC5gvtMQ=="
    }
  }
}
